// !$*UTF8*$!
{
	archiveVersion = 1;
	classes = {
	};
	objectVersion = 46;
	objects = {

/* Begin PBXBuildFile section */
		4D1868DA1ED6E27400F8C3C0 /* Component.m in Sources */ = {isa = PBXBuildFile; fileRef = 4D1868D91ED6E27400F8C3C0 /* Component.m */; };
		4D1868DD1ED6E2B200F8C3C0 /* ConcreteComponent.m in Sources */ = {isa = PBXBuildFile; fileRef = 4D1868DC1ED6E2B200F8C3C0 /* ConcreteComponent.m */; };
		4D1868E01ED6E2D500F8C3C0 /* Decorator.m in Sources */ = {isa = PBXBuildFile; fileRef = 4D1868DF1ED6E2D500F8C3C0 /* Decorator.m */; };
		4D1868E31ED6E30900F8C3C0 /* ConcreteDecoratorA.m in Sources */ = {isa = PBXBuildFile; fileRef = 4D1868E21ED6E30900F8C3C0 /* ConcreteDecoratorA.m */; };
		4D1868E61ED6E31400F8C3C0 /* ConcreteDecoratorB.m in Sources */ = {isa = PBXBuildFile; fileRef = 4D1868E51ED6E31400F8C3C0 /* ConcreteDecoratorB.m */; };
		DD17B1B01B7B058000943EDE /* main.m in Sources */ = {isa = PBXBuildFile; fileRef = DD17B1AF1B7B058000943EDE /* main.m */; };
		DD17B1B31B7B058000943EDE /* AppDelegate.m in Sources */ = {isa = PBXBuildFile; fileRef = DD17B1B21B7B058000943EDE /* AppDelegate.m */; };
		DD17B1B61B7B058000943EDE /* ViewController.m in Sources */ = {isa = PBXBuildFile; fileRef = DD17B1B51B7B058000943EDE /* ViewController.m */; };
		DD17B1B91B7B058000943EDE /* Main.storyboard in Resources */ = {isa = PBXBuildFile; fileRef = DD17B1B71B7B058000943EDE /* Main.storyboard */; };
		DD17B1BB1B7B058000943EDE /* Images.xcassets in Resources */ = {isa = PBXBuildFile; fileRef = DD17B1BA1B7B058000943EDE /* Images.xcassets */; };
		DD17B1BE1B7B058000943EDE /* LaunchScreen.xib in Resources */ = {isa = PBXBuildFile; fileRef = DD17B1BC1B7B058000943EDE /* LaunchScreen.xib */; };
		DD17B1CA1B7B058000943EDE /* _____Tests.m in Sources */ = {isa = PBXBuildFile; fileRef = DD17B1C91B7B058000943EDE /* _____Tests.m */; };
		DD17B1E41B7B11CE00943EDE /* 装饰模式图片.jpg in Resources */ = {isa = PBXBuildFile; fileRef = DD17B1E31B7B11CE00943EDE /* 装饰模式图片.jpg */; };
/* End PBXBuildFile section */

/* Begin PBXContainerItemProxy section */
		DD17B1C41B7B058000943EDE /* PBXContainerItemProxy */ = {
			isa = PBXContainerItemProxy;
			containerPortal = DD17B1A21B7B058000943EDE /* Project object */;
			proxyType = 1;
			remoteGlobalIDString = DD17B1A91B7B058000943EDE;
			remoteInfo = "3装饰模式";
		};
/* End PBXContainerItemProxy section */

/* Begin PBXFileReference section */
		4D1868D81ED6E27400F8C3C0 /* Component.h */ = {isa = PBXFileReference; fileEncoding = 4; lastKnownFileType = sourcecode.c.h; path = Component.h; sourceTree = "<group>"; };
		4D1868D91ED6E27400F8C3C0 /* Component.m */ = {isa = PBXFileReference; fileEncoding = 4; lastKnownFileType = sourcecode.c.objc; path = Component.m; sourceTree = "<group>"; };
		4D1868DB1ED6E2B200F8C3C0 /* ConcreteComponent.h */ = {isa = PBXFileReference; fileEncoding = 4; lastKnownFileType = sourcecode.c.h; path = ConcreteComponent.h; sourceTree = "<group>"; };
		4D1868DC1ED6E2B200F8C3C0 /* ConcreteComponent.m */ = {isa = PBXFileReference; fileEncoding = 4; lastKnownFileType = sourcecode.c.objc; path = ConcreteComponent.m; sourceTree = "<group>"; };
		4D1868DE1ED6E2D500F8C3C0 /* Decorator.h */ = {isa = PBXFileReference; fileEncoding = 4; lastKnownFileType = sourcecode.c.h; path = Decorator.h; sourceTree = "<group>"; };
		4D1868DF1ED6E2D500F8C3C0 /* Decorator.m */ = {isa = PBXFileReference; fileEncoding = 4; lastKnownFileType = sourcecode.c.objc; path = Decorator.m; sourceTree = "<group>"; };
		4D1868E11ED6E30900F8C3C0 /* ConcreteDecoratorA.h */ = {isa = PBXFileReference; fileEncoding = 4; lastKnownFileType = sourcecode.c.h; path = ConcreteDecoratorA.h; sourceTree = "<group>"; };
		4D1868E21ED6E30900F8C3C0 /* ConcreteDecoratorA.m */ = {isa = PBXFileReference; fileEncoding = 4; lastKnownFileType = sourcecode.c.objc; path = ConcreteDecoratorA.m; sourceTree = "<group>"; };
		4D1868E41ED6E31400F8C3C0 /* ConcreteDecoratorB.h */ = {isa = PBXFileReference; fileEncoding = 4; lastKnownFileType = sourcecode.c.h; path = ConcreteDecoratorB.h; sourceTree = "<group>"; };
		4D1868E51ED6E31400F8C3C0 /* ConcreteDecoratorB.m */ = {isa = PBXFileReference; fileEncoding = 4; lastKnownFileType = sourcecode.c.objc; path = ConcreteDecoratorB.m; sourceTree = "<group>"; };
		DD17B1AA1B7B058000943EDE /* 3装饰模式.app */ = {isa = PBXFileReference; explicitFileType = wrapper.application; includeInIndex = 0; path = "3装饰模式.app"; sourceTree = BUILT_PRODUCTS_DIR; };
		DD17B1AE1B7B058000943EDE /* Info.plist */ = {isa = PBXFileReference; lastKnownFileType = text.plist.xml; path = Info.plist; sourceTree = "<group>"; };
		DD17B1AF1B7B058000943EDE /* main.m */ = {isa = PBXFileReference; lastKnownFileType = sourcecode.c.objc; path = main.m; sourceTree = "<group>"; };
		DD17B1B11B7B058000943EDE /* AppDelegate.h */ = {isa = PBXFileReference; lastKnownFileType = sourcecode.c.h; path = AppDelegate.h; sourceTree = "<group>"; };
		DD17B1B21B7B058000943EDE /* AppDelegate.m */ = {isa = PBXFileReference; lastKnownFileType = sourcecode.c.objc; path = AppDelegate.m; sourceTree = "<group>"; };
		DD17B1B41B7B058000943EDE /* ViewController.h */ = {isa = PBXFileReference; lastKnownFileType = sourcecode.c.h; path = ViewController.h; sourceTree = "<group>"; };
		DD17B1B51B7B058000943EDE /* ViewController.m */ = {isa = PBXFileReference; lastKnownFileType = sourcecode.c.objc; path = ViewController.m; sourceTree = "<group>"; };
		DD17B1B81B7B058000943EDE /* Base */ = {isa = PBXFileReference; lastKnownFileType = file.storyboard; name = Base; path = Base.lproj/Main.storyboard; sourceTree = "<group>"; };
		DD17B1BA1B7B058000943EDE /* Images.xcassets */ = {isa = PBXFileReference; lastKnownFileType = folder.assetcatalog; path = Images.xcassets; sourceTree = "<group>"; };
		DD17B1BD1B7B058000943EDE /* Base */ = {isa = PBXFileReference; lastKnownFileType = file.xib; name = Base; path = Base.lproj/LaunchScreen.xib; sourceTree = "<group>"; };
		DD17B1C31B7B058000943EDE /* 3装饰模式Tests.xctest */ = {isa = PBXFileReference; explicitFileType = wrapper.cfbundle; includeInIndex = 0; path = "3装饰模式Tests.xctest"; sourceTree = BUILT_PRODUCTS_DIR; };
		DD17B1C81B7B058000943EDE /* Info.plist */ = {isa = PBXFileReference; lastKnownFileType = text.plist.xml; path = Info.plist; sourceTree = "<group>"; };
		DD17B1C91B7B058000943EDE /* _____Tests.m */ = {isa = PBXFileReference; lastKnownFileType = sourcecode.c.objc; path = "_____Tests.m"; sourceTree = "<group>"; };
		DD17B1E31B7B11CE00943EDE /* 装饰模式图片.jpg */ = {isa = PBXFileReference; lastKnownFileType = image.jpeg; path = "装饰模式图片.jpg"; sourceTree = "<group>"; };
/* End PBXFileReference section */

/* Begin PBXFrameworksBuildPhase section */
		DD17B1A71B7B058000943EDE /* Frameworks */ = {
			isa = PBXFrameworksBuildPhase;
			buildActionMask = 2147483647;
			files = (
			);
			runOnlyForDeploymentPostprocessing = 0;
		};
		DD17B1C01B7B058000943EDE /* Frameworks */ = {
			isa = PBXFrameworksBuildPhase;
			buildActionMask = 2147483647;
			files = (
			);
			runOnlyForDeploymentPostprocessing = 0;
		};
/* End PBXFrameworksBuildPhase section */

/* Begin PBXGroup section */
		4D1868D61ED6E22400F8C3C0 /* component */ = {
			isa = PBXGroup;
			children = (
				4D1868D81ED6E27400F8C3C0 /* Component.h */,
				4D1868D91ED6E27400F8C3C0 /* Component.m */,
				4D1868DB1ED6E2B200F8C3C0 /* ConcreteComponent.h */,
				4D1868DC1ED6E2B200F8C3C0 /* ConcreteComponent.m */,
			);
			name = component;
			sourceTree = "<group>";
		};
		4D1868D71ED6E23000F8C3C0 /* decorator */ = {
			isa = PBXGroup;
			children = (
				4D1868DE1ED6E2D500F8C3C0 /* Decorator.h */,
				4D1868DF1ED6E2D500F8C3C0 /* Decorator.m */,
				4D1868E11ED6E30900F8C3C0 /* ConcreteDecoratorA.h */,
				4D1868E21ED6E30900F8C3C0 /* ConcreteDecoratorA.m */,
				4D1868E41ED6E31400F8C3C0 /* ConcreteDecoratorB.h */,
				4D1868E51ED6E31400F8C3C0 /* ConcreteDecoratorB.m */,
			);
			name = decorator;
			sourceTree = "<group>";
		};
		DD17B1A11B7B058000943EDE = {
			isa = PBXGroup;
			children = (
				DD17B1AC1B7B058000943EDE /* 3装饰模式 */,
				DD17B1C61B7B058000943EDE /* 3装饰模式Tests */,
				DD17B1AB1B7B058000943EDE /* Products */,
			);
			sourceTree = "<group>";
		};
		DD17B1AB1B7B058000943EDE /* Products */ = {
			isa = PBXGroup;
			children = (
				DD17B1AA1B7B058000943EDE /* 3装饰模式.app */,
				DD17B1C31B7B058000943EDE /* 3装饰模式Tests.xctest */,
			);
			name = Products;
			sourceTree = "<group>";
		};
		DD17B1AC1B7B058000943EDE /* 3装饰模式 */ = {
			isa = PBXGroup;
			children = (
				DD17B1D31B7B058800943EDE /* 装饰模式 */,
				DD17B1B11B7B058000943EDE /* AppDelegate.h */,
				DD17B1B21B7B058000943EDE /* AppDelegate.m */,
				DD17B1B41B7B058000943EDE /* ViewController.h */,
				DD17B1B51B7B058000943EDE /* ViewController.m */,
				DD17B1B71B7B058000943EDE /* Main.storyboard */,
				DD17B1BA1B7B058000943EDE /* Images.xcassets */,
				DD17B1BC1B7B058000943EDE /* LaunchScreen.xib */,
				DD17B1AD1B7B058000943EDE /* Supporting Files */,
			);
			path = "3装饰模式";
			sourceTree = "<group>";
		};
		DD17B1AD1B7B058000943EDE /* Supporting Files */ = {
			isa = PBXGroup;
			children = (
				DD17B1AE1B7B058000943EDE /* Info.plist */,
				DD17B1AF1B7B058000943EDE /* main.m */,
			);
			name = "Supporting Files";
			sourceTree = "<group>";
		};
		DD17B1C61B7B058000943EDE /* 3装饰模式Tests */ = {
			isa = PBXGroup;
			children = (
				DD17B1C91B7B058000943EDE /* _____Tests.m */,
				DD17B1C71B7B058000943EDE /* Supporting Files */,
			);
			path = "3装饰模式Tests";
			sourceTree = "<group>";
		};
		DD17B1C71B7B058000943EDE /* Supporting Files */ = {
			isa = PBXGroup;
			children = (
				DD17B1C81B7B058000943EDE /* Info.plist */,
			);
			name = "Supporting Files";
			sourceTree = "<group>";
		};
		DD17B1D31B7B058800943EDE /* 装饰模式 */ = {
			isa = PBXGroup;
			children = (
				4D1868D71ED6E23000F8C3C0 /* decorator */,
				4D1868D61ED6E22400F8C3C0 /* component */,
				DD17B1E31B7B11CE00943EDE /* 装饰模式图片.jpg */,
			);
			name = "装饰模式";
			sourceTree = "<group>";
		};
/* End PBXGroup section */

/* Begin PBXNativeTarget section */
		DD17B1A91B7B058000943EDE /* 3装饰模式 */ = {
			isa = PBXNativeTarget;
			buildConfigurationList = DD17B1CD1B7B058000943EDE /* Build configuration list for PBXNativeTarget "3装饰模式" */;
			buildPhases = (
				DD17B1A61B7B058000943EDE /* Sources */,
				DD17B1A71B7B058000943EDE /* Frameworks */,
				DD17B1A81B7B058000943EDE /* Resources */,
			);
			buildRules = (
			);
			dependencies = (
			);
			name = "3装饰模式";
			productName = "3装饰模式";
			productReference = DD17B1AA1B7B058000943EDE /* 3装饰模式.app */;
			productType = "com.apple.product-type.application";
		};
		DD17B1C21B7B058000943EDE /* 3装饰模式Tests */ = {
			isa = PBXNativeTarget;
			buildConfigurationList = DD17B1D01B7B058000943EDE /* Build configuration list for PBXNativeTarget "3装饰模式Tests" */;
			buildPhases = (
				DD17B1BF1B7B058000943EDE /* Sources */,
				DD17B1C01B7B058000943EDE /* Frameworks */,
				DD17B1C11B7B058000943EDE /* Resources */,
			);
			buildRules = (
			);
			dependencies = (
				DD17B1C51B7B058000943EDE /* PBXTargetDependency */,
			);
			name = "3装饰模式Tests";
			productName = "3装饰模式Tests";
			productReference = DD17B1C31B7B058000943EDE /* 3装饰模式Tests.xctest */;
			productType = "com.apple.product-type.bundle.unit-test";
		};
/* End PBXNativeTarget section */

/* Begin PBXProject section */
		DD17B1A21B7B058000943EDE /* Project object */ = {
			isa = PBXProject;
			attributes = {
				LastUpgradeCheck = 0640;
				ORGANIZATIONNAME = "黄成都";
				TargetAttributes = {
					DD17B1A91B7B058000943EDE = {
						CreatedOnToolsVersion = 6.4;
					};
					DD17B1C21B7B058000943EDE = {
						CreatedOnToolsVersion = 6.4;
						TestTargetID = DD17B1A91B7B058000943EDE;
					};
				};
			};
			buildConfigurationList = DD17B1A51B7B058000943EDE /* Build configuration list for PBXProject "3装饰模式" */;
			compatibilityVersion = "Xcode 3.2";
			developmentRegion = English;
			hasScannedForEncodings = 0;
			knownRegions = (
				en,
				Base,
			);
			mainGroup = DD17B1A11B7B058000943EDE;
			productRefGroup = DD17B1AB1B7B058000943EDE /* Products */;
			projectDirPath = "";
			projectRoot = "";
			targets = (
				DD17B1A91B7B058000943EDE /* 3装饰模式 */,
				DD17B1C21B7B058000943EDE /* 3装饰模式Tests */,
			);
		};
/* End PBXProject section */

/* Begin PBXResourcesBuildPhase section */
		DD17B1A81B7B058000943EDE /* Resources */ = {
			isa = PBXResourcesBuildPhase;
			buildActionMask = 2147483647;
			files = (
				DD17B1B91B7B058000943EDE /* Main.storyboard in Resources */,
				DD17B1BE1B7B058000943EDE /* LaunchScreen.xib in Resources */,
				DD17B1BB1B7B058000943EDE /* Images.xcassets in Resources */,
				DD17B1E41B7B11CE00943EDE /* 装饰模式图片.jpg in Resources */,
			);
			runOnlyForDeploymentPostprocessing = 0;
		};
		DD17B1C11B7B058000943EDE /* Resources */ = {
			isa = PBXResourcesBuildPhase;
			buildActionMask = 2147483647;
			files = (
			);
			runOnlyForDeploymentPostprocessing = 0;
		};
/* End PBXResourcesBuildPhase section */

/* Begin PBXSourcesBuildPhase section */
		DD17B1A61B7B058000943EDE /* Sources */ = {
			isa = PBXSourcesBuildPhase;
			buildActionMask = 2147483647;
			files = (
				DD17B1B61B7B058000943EDE /* ViewController.m in Sources */,
				4D1868DA1ED6E27400F8C3C0 /* Component.m in Sources */,
				DD17B1B31B7B058000943EDE /* AppDelegate.m in Sources */,
				4D1868E31ED6E30900F8C3C0 /* ConcreteDecoratorA.m in Sources */,
				4D1868DD1ED6E2B200F8C3C0 /* ConcreteComponent.m in Sources */,
				DD17B1B01B7B058000943EDE /* main.m in Sources */,
				4D1868E01ED6E2D500F8C3C0 /* Decorator.m in Sources */,
				4D1868E61ED6E31400F8C3C0 /* ConcreteDecoratorB.m in Sources */,
			);
			runOnlyForDeploymentPostprocessing = 0;
		};
		DD17B1BF1B7B058000943EDE /* Sources */ = {
			isa = PBXSourcesBuildPhase;
			buildActionMask = 2147483647;
			files = (
				DD17B1CA1B7B058000943EDE /* _____Tests.m in Sources */,
			);
			runOnlyForDeploymentPostprocessing = 0;
		};
/* End PBXSourcesBuildPhase section */

/* Begin PBXTargetDependency section */
		DD17B1C51B7B058000943EDE /* PBXTargetDependency */ = {
			isa = PBXTargetDependency;
			target = DD17B1A91B7B058000943EDE /* 3装饰模式 */;
			targetProxy = DD17B1C41B7B058000943EDE /* PBXContainerItemProxy */;
		};
/* End PBXTargetDependency section */

/* Begin PBXVariantGroup section */
		DD17B1B71B7B058000943EDE /* Main.storyboard */ = {
			isa = PBXVariantGroup;
			children = (
				DD17B1B81B7B058000943EDE /* Base */,
			);
			name = Main.storyboard;
			sourceTree = "<group>";
		};
		DD17B1BC1B7B058000943EDE /* LaunchScreen.xib */ = {
			isa = PBXVariantGroup;
			children = (
				DD17B1BD1B7B058000943EDE /* Base */,
			);
			name = LaunchScreen.xib;
			sourceTree = "<group>";
		};
/* End PBXVariantGroup section */

/* Begin XCBuildConfiguration section */
		DD17B1CB1B7B058000943EDE /* Debug */ = {
			isa = XCBuildConfiguration;
			buildSettings = {
				ALWAYS_SEARCH_USER_PATHS = NO;
				CLANG_CXX_LANGUAGE_STANDARD = "gnu++0x";
				CLANG_CXX_LIBRARY = "libc++";
				CLANG_ENABLE_MODULES = YES;
				CLANG_ENABLE_OBJC_ARC = YES;
				CLANG_WARN_BOOL_CONVERSION = YES;
				CLANG_WARN_CONSTANT_CONVERSION = YES;
				CLANG_WARN_DIRECT_OBJC_ISA_USAGE = YES_ERROR;
				CLANG_WARN_EMPTY_BODY = YES;
				CLANG_WARN_ENUM_CONVERSION = YES;
				CLANG_WARN_INT_CONVERSION = YES;
				CLANG_WARN_OBJC_ROOT_CLASS = YES_ERROR;
				CLANG_WARN_UNREACHABLE_CODE = YES;
				CLANG_WARN__DUPLICATE_METHOD_MATCH = YES;
				"CODE_SIGN_IDENTITY[sdk=iphoneos*]" = "iPhone Developer";
				COPY_PHASE_STRIP = NO;
				DEBUG_INFORMATION_FORMAT = "dwarf-with-dsym";
				ENABLE_STRICT_OBJC_MSGSEND = YES;
				GCC_C_LANGUAGE_STANDARD = gnu99;
				GCC_DYNAMIC_NO_PIC = NO;
				GCC_NO_COMMON_BLOCKS = YES;
				GCC_OPTIMIZATION_LEVEL = 0;
				GCC_PREPROCESSOR_DEFINITIONS = (
					"DEBUG=1",
					"$(inherited)",
				);
				GCC_SYMBOLS_PRIVATE_EXTERN = NO;
				GCC_WARN_64_TO_32_BIT_CONVERSION = YES;
				GCC_WARN_ABOUT_RETURN_TYPE = YES_ERROR;
				GCC_WARN_UNDECLARED_SELECTOR = YES;
				GCC_WARN_UNINITIALIZED_AUTOS = YES_AGGRESSIVE;
				GCC_WARN_UNUSED_FUNCTION = YES;
				GCC_WARN_UNUSED_VARIABLE = YES;
				IPHONEOS_DEPLOYMENT_TARGET = 8.4;
				MTL_ENABLE_DEBUG_INFO = YES;
				ONLY_ACTIVE_ARCH = YES;
				SDKROOT = iphoneos;
			};
			name = Debug;
		};
		DD17B1CC1B7B058000943EDE /* Release */ = {
			isa = XCBuildConfiguration;
			buildSettings = {
				ALWAYS_SEARCH_USER_PATHS = NO;
				CLANG_CXX_LANGUAGE_STANDARD = "gnu++0x";
				CLANG_CXX_LIBRARY = "libc++";
				CLANG_ENABLE_MODULES = YES;
				CLANG_ENABLE_OBJC_ARC = YES;
				CLANG_WARN_BOOL_CONVERSION = YES;
				CLANG_WARN_CONSTANT_CONVERSION = YES;
				CLANG_WARN_DIRECT_OBJC_ISA_USAGE = YES_ERROR;
				CLANG_WARN_EMPTY_BODY = YES;
				CLANG_WARN_ENUM_CONVERSION = YES;
				CLANG_WARN_INT_CONVERSION = YES;
				CLANG_WARN_OBJC_ROOT_CLASS = YES_ERROR;
				CLANG_WARN_UNREACHABLE_CODE = YES;
				CLANG_WARN__DUPLICATE_METHOD_MATCH = YES;
				"CODE_SIGN_IDENTITY[sdk=iphoneos*]" = "iPhone Developer";
				COPY_PHASE_STRIP = NO;
				DEBUG_INFORMATION_FORMAT = "dwarf-with-dsym";
				ENABLE_NS_ASSERTIONS = NO;
				ENABLE_STRICT_OBJC_MSGSEND = YES;
				GCC_C_LANGUAGE_STANDARD = gnu99;
				GCC_NO_COMMON_BLOCKS = YES;
				GCC_WARN_64_TO_32_BIT_CONVERSION = YES;
				GCC_WARN_ABOUT_RETURN_TYPE = YES_ERROR;
				GCC_WARN_UNDECLARED_SELECTOR = YES;
				GCC_WARN_UNINITIALIZED_AUTOS = YES_AGGRESSIVE;
				GCC_WARN_UNUSED_FUNCTION = YES;
				GCC_WARN_UNUSED_VARIABLE = YES;
				IPHONEOS_DEPLOYMENT_TARGET = 8.4;
				MTL_ENABLE_DEBUG_INFO = NO;
				SDKROOT = iphoneos;
				VALIDATE_PRODUCT = YES;
			};
			name = Release;
		};
		DD17B1CE1B7B058000943EDE /* Debug */ = {
			isa = XCBuildConfiguration;
			buildSettings = {
				ASSETCATALOG_COMPILER_APPICON_NAME = AppIcon;
				INFOPLIST_FILE = "3装饰模式/Info.plist";
				LD_RUNPATH_SEARCH_PATHS = "$(inherited) @executable_path/Frameworks";
				PRODUCT_NAME = "$(TARGET_NAME)";
			};
			name = Debug;
		};
		DD17B1CF1B7B058000943EDE /* Release */ = {
			isa = XCBuildConfiguration;
			buildSettings = {
				ASSETCATALOG_COMPILER_APPICON_NAME = AppIcon;
				INFOPLIST_FILE = "3装饰模式/Info.plist";
				LD_RUNPATH_SEARCH_PATHS = "$(inherited) @executable_path/Frameworks";
				PRODUCT_NAME = "$(TARGET_NAME)";
			};
			name = Release;
		};
		DD17B1D11B7B058000943EDE /* Debug */ = {
			isa = XCBuildConfiguration;
			buildSettings = {
				BUNDLE_LOADER = "$(TEST_HOST)";
				FRAMEWORK_SEARCH_PATHS = (
					"$(SDKROOT)/Developer/Library/Frameworks",
					"$(inherited)",
				);
				GCC_PREPROCESSOR_DEFINITIONS = (
					"DEBUG=1",
					"$(inherited)",
				);
				INFOPLIST_FILE = "3装饰模式Tests/Info.plist";
				LD_RUNPATH_SEARCH_PATHS = "$(inherited) @executable_path/Frameworks @loader_path/Frameworks";
				PRODUCT_NAME = "$(TARGET_NAME)";
				TEST_HOST = "$(BUILT_PRODUCTS_DIR)/3装饰模式.app/3装饰模式";
			};
			name = Debug;
		};
		DD17B1D21B7B058000943EDE /* Release */ = {
			isa = XCBuildConfiguration;
			buildSettings = {
				BUNDLE_LOADER = "$(TEST_HOST)";
				FRAMEWORK_SEARCH_PATHS = (
					"$(SDKROOT)/Developer/Library/Frameworks",
					"$(inherited)",
				);
				INFOPLIST_FILE = "3装饰模式Tests/Info.plist";
				LD_RUNPATH_SEARCH_PATHS = "$(inherited) @executable_path/Frameworks @loader_path/Frameworks";
				PRODUCT_NAME = "$(TARGET_NAME)";
				TEST_HOST = "$(BUILT_PRODUCTS_DIR)/3装饰模式.app/3装饰模式";
			};
			name = Release;
		};
/* End XCBuildConfiguration section */

/* Begin XCConfigurationList section */
		DD17B1A51B7B058000943EDE /* Build configuration list for PBXProject "3装饰模式" */ = {
			isa = XCConfigurationList;
			buildConfigurations = (
				DD17B1CB1B7B058000943EDE /* Debug */,
				DD17B1CC1B7B058000943EDE /* Release */,
			);
			defaultConfigurationIsVisible = 0;
			defaultConfigurationName = Release;
		};
		DD17B1CD1B7B058000943EDE /* Build configuration list for PBXNativeTarget "3装饰模式" */ = {
			isa = XCConfigurationList;
			buildConfigurations = (
				DD17B1CE1B7B058000943EDE /* Debug */,
				DD17B1CF1B7B058000943EDE /* Release */,
			);
			defaultConfigurationIsVisible = 0;
			defaultConfigurationName = Release;
		};
		DD17B1D01B7B058000943EDE /* Build configuration list for PBXNativeTarget "3装饰模式Tests" */ = {
			isa = XCConfigurationList;
			buildConfigurations = (
				DD17B1D11B7B058000943EDE /* Debug */,
				DD17B1D21B7B058000943EDE /* Release */,
			);
			defaultConfigurationIsVisible = 0;
			defaultConfigurationName = Release;
		};
/* End XCConfigurationList section */
	};
	rootObject = DD17B1A21B7B058000943EDE /* Project object */;
}
